<Solution>
  <Folder Name="/Application/">
    <Project Path="mk8.host.Application.BLL/mk8.host.Application.BLL.csproj">
      <BuildDependency Project="mk8.host.Application.DAL/mk8.host.Application.DAL.csproj" />
      <BuildDependency Project="mk8.host.Contracts/mk8.host.Contracts.csproj" />
    </Project>
    <Project Path="mk8.host.Application.DAL/mk8.host.Application.DAL.csproj">
      <BuildDependency Project="mk8.host.Contracts/mk8.host.Contracts.csproj" />
    </Project>
    <Project Path="mk8.host.Application/mk8.host.Application.csproj">
      <BuildDependency Project="mk8.host.Application.BLL/mk8.host.Application.BLL.csproj" />
      <BuildDependency Project="mk8.host.Application.DAL/mk8.host.Application.DAL.csproj" />
      <BuildDependency Project="mk8.host.Contracts/mk8.host.Contracts.csproj" />
    </Project>
  </Folder>
  <Folder Name="/Gateway/">
    <Project Path="mk8.host.API/mk8.host.Gateway.csproj">
      <BuildDependency Project="mk8.host.Contracts/mk8.host.Contracts.csproj" />
    </Project>
  </Folder>
  <Folder Name="/Shared/">
    <Project Path="mk8.host.Contracts/mk8.host.Contracts.csproj" />
  </Folder>
</Solution>
